
Microsoft Visual Studio Solution File, Format Version 12.00
# Visual Studio 15
VisualStudioVersion = 15.0.28307.1340
MinimumVisualStudioVersion = 10.0.40219.1
Project("{FAE04EC0-301F-11D3-BF4B-00C04F79EFBC}") = "DungeonApp", "DungeonApp\DungeonApp.csproj", "{7AF8213B-3286-468D-8A82-4C00CB1329EA}"
EndProject
Project("{FAE04EC0-301F-11D3-BF4B-00C04F79EFBC}") = "DungeonLibrary", "ClassLibrary1\DungeonLibrary.csproj", "{3E65828C-CD95-460E-BC06-48E2B1F1DAB0}"
EndProject
Global
	GlobalSection(SolutionConfigurationPlatforms) = preSolution
		Debug|Any CPU = Debug|Any CPU
		Release|Any CPU = Release|Any CPU
	EndGlobalSection
	GlobalSection(ProjectConfigurationPlatforms) = postSolution
		{7AF8213B-3286-468D-8A82-4C00CB1329EA}.Debug|Any CPU.ActiveCfg = Debug|Any CPU
		{7AF8213B-3286-468D-8A82-4C00CB1329EA}.Debug|Any CPU.Build.0 = Debug|Any CPU
		{7AF8213B-3286-468D-8A82-4C00CB1329EA}.Release|Any CPU.ActiveCfg = Release|Any CPU
		{7AF8213B-3286-468D-8A82-4C00CB1329EA}.Release|Any CPU.Build.0 = Release|Any CPU
		{3E65828C-CD95-460E-BC06-48E2B1F1DAB0}.Debug|Any CPU.ActiveCfg = Debug|Any CPU
		{3E65828C-CD95-460E-BC06-48E2B1F1DAB0}.Debug|Any CPU.Build.0 = Debug|Any CPU
		{3E65828C-CD95-460E-BC06-48E2B1F1DAB0}.Release|Any CPU.ActiveCfg = Release|Any CPU
		{3E65828C-CD95-460E-BC06-48E2B1F1DAB0}.Release|Any CPU.Build.0 = Release|Any CPU
	EndGlobalSection
	GlobalSection(SolutionProperties) = preSolution
		HideSolutionNode = FALSE
	EndGlobalSection
	GlobalSection(ExtensibilityGlobals) = postSolution
		SolutionGuid = {81FF39E6-BE9E-4457-808D-305E92B3C906}
	EndGlobalSection
EndGlobal
